{
  "name": "kosher",
  "version": "1.0.0",
  "lockfileVersion": 1,
  "requires": true,
  "dependencies": {
    "axe-core": {
      "version": "3.3.2",
      "resolved": "http://10.132.65.251:8081/repository/npm-group/axe-core/-/axe-core-3.3.2.tgz",
      "integrity": "sha512-lRdxsRt7yNhqpcXQk1ao1BL73OZDzmFCWOG0mC4tGR/r14ohH2payjHwCMQjHGbBKm924eDlmG7utAGHiX/A6g=="
    }
  }
}
